
Microsoft Visual Studio Solution File, Format Version 12.00
# Visual Studio Version 17
VisualStudioVersion = 17.4.33122.133
MinimumVisualStudioVersion = 10.0.40219.1
Project("{9A19103F-16F7-4668-BE54-9A1E7A4F7556}") = "SamuraiMM", "SamuraiMM\SamuraiMM.csproj", "{AA9B6D48-F889-4CE9-AE8E-B50CA2978615}"
EndProject
Project("{9A19103F-16F7-4668-BE54-9A1E7A4F7556}") = "BlazorSamuraiMM", "BlazorSamuraiMM\BlazorSamuraiMM.csproj", "{4F28F505-C3E7-4E86-BB7D-BBB32DE57F2F}"
EndProject
Global
	GlobalSection(SolutionConfigurationPlatforms) = preSolution
		Debug|Any CPU = Debug|Any CPU
		Release|Any CPU = Release|Any CPU
	EndGlobalSection
	GlobalSection(ProjectConfigurationPlatforms) = postSolution
		{AA9B6D48-F889-4CE9-AE8E-B50CA2978615}.Debug|Any CPU.ActiveCfg = Debug|Any CPU
		{AA9B6D48-F889-4CE9-AE8E-B50CA2978615}.Debug|Any CPU.Build.0 = Debug|Any CPU
		{AA9B6D48-F889-4CE9-AE8E-B50CA2978615}.Release|Any CPU.ActiveCfg = Release|Any CPU
		{AA9B6D48-F889-4CE9-AE8E-B50CA2978615}.Release|Any CPU.Build.0 = Release|Any CPU
		{4F28F505-C3E7-4E86-BB7D-BBB32DE57F2F}.Debug|Any CPU.ActiveCfg = Debug|Any CPU
		{4F28F505-C3E7-4E86-BB7D-BBB32DE57F2F}.Debug|Any CPU.Build.0 = Debug|Any CPU
		{4F28F505-C3E7-4E86-BB7D-BBB32DE57F2F}.Release|Any CPU.ActiveCfg = Release|Any CPU
		{4F28F505-C3E7-4E86-BB7D-BBB32DE57F2F}.Release|Any CPU.Build.0 = Release|Any CPU
	EndGlobalSection
	GlobalSection(SolutionProperties) = preSolution
		HideSolutionNode = FALSE
	EndGlobalSection
	GlobalSection(ExtensibilityGlobals) = postSolution
		SolutionGuid = {2509208D-A573-42D7-925C-98BDF8B59A04}
	EndGlobalSection
EndGlobal
